# This file was autogenerated by Stack.
# You should not edit this file by hand.
# For more information, please see the documentation at:
#   https://docs.haskellstack.org/en/stable/lock_files

packages:
- completed:
    hackage: s-cargot-0.1.0.0@sha256:58cbdac6f49001de88c0148e457fad931feb2a53b311069f603e7956ebfdd01e,1933
    pantry-tree:
      sha256: 16666ca988300e298ddc19b1efe70b0b94da8175af6c4a613c5a91106c797748
      size: 871
  original:
    hackage: s-cargot-0.1.0.0
snapshots:
- completed:
    sha256: 341870ac98d8a9f8f77c4adf2e9e0b22063e264a7fbeb4c85b7af5f380dac60e
    size: 527836
    url: https://raw.githubusercontent.com/commercialhaskell/stackage-snapshots/master/lts/11/22.yaml
  original: lts-11.22
