# This file was autogenerated by Stack.
# You should not edit this file by hand.
# For more information, please see the documentation at:
#   https://docs.haskellstack.org/en/stable/lock_files

packages:
- completed:
    hackage: curve25519-0.2.4@sha256:c8586d9a084058f9366c45469a26bcb4b61db65d1940c2b63294d5c3ee4d3bc0,2019
    pantry-tree:
      sha256: 5c1bafba6296b35e3b7347f3022f29b68b99a79e0f320137dcc27d8202276d43
      size: 626
  original:
    hackage: curve25519-0.2.4
- completed:
    hackage: ed25519-donna-0.1.1@sha256:344c0bb83603ed896012f441e54b380314dc4910320577cd18a9071e34f24fe9,2358
    pantry-tree:
      sha256: a2a0790a36cf8f7a63b98a4d443c5a84f66b189b3c2c2ddd97bc9f983d5fa9ba
      size: 2298
  original:
    hackage: ed25519-donna-0.1.1
- completed:
    hackage: estimator-1.2.0.0@sha256:44c85267299ea1e3eeb3e4eb9f317e4972563c84ba8220924c834a99b9048960,2424
    pantry-tree:
      sha256: 1668105b28027dd58fe688b80c92b75f091263fe5e704b3073b6b05fe707cc05
      size: 914
  original:
    hackage: estimator-1.2.0.0
- completed:
    hackage: monadLib-3.7.3@sha256:3ffd5229638985bfd8b861e7bad0afa643d65cefe110f8d7d619989beb7a6f3e,980
    pantry-tree:
      sha256: f6ff91ff11000bf19c1c1ea57e3a897916765b581caa7934db9f049a39d875ad
      size: 426
  original:
    hackage: monadLib-3.7.3
- completed:
    hackage: th-abstraction-0.2.5.0@sha256:1bd4a1ce2c8552ec4c5da42d6c4a7f912a7887b303b7c5bb287d1454f3cf3c58,1790
    pantry-tree:
      sha256: bdcdc2747d5ddf0da6f8c2ba8d0c036755886326717550c57f31549ce01dfed6
      size: 583
  original:
    hackage: th-abstraction-0.2.5.0
- completed:
    hackage: serialport-0.4.7@sha256:faff483f73c8e8e9661dae3788795bb0f4a38413a49fccb77bcdc6827af50182,1430
    pantry-tree:
      sha256: 50b9cd8cc7937d91834a499171f8d0904f63381dda4d90b546fa6f16f1bec2c3
      size: 762
  original:
    hackage: serialport-0.4.7
- completed:
    hackage: monadcryptorandom-0.7.2.1@sha256:b0e739271f4fd015ce81a411322de1ce36f9861886c2754276750aa399a610b2,1349
    pantry-tree:
      sha256: 1ab84cea84745348fe2850f77baf60b174ce39d976bf35ed94a31d287bed0a00
      size: 233
  original:
    hackage: monadcryptorandom-0.7.2.1
snapshots:
- completed:
    sha256: 341870ac98d8a9f8f77c4adf2e9e0b22063e264a7fbeb4c85b7af5f380dac60e
    size: 527836
    url: https://raw.githubusercontent.com/commercialhaskell/stackage-snapshots/master/lts/11/22.yaml
  original: lts-11.22
